// !$*UTF8*$!
{
	archiveVersion = 1;
	classes = {
	};
	objectVersion = 56;
	objects = {

/* Begin PBXBuildFile section */
		15B17DEB29749AF7000DF779 /* AppDelegate.swift in Sources */ = {isa = PBXBuildFile; fileRef = 15B17DEA29749AF7000DF779 /* AppDelegate.swift */; };
		15B17DED29749AF7000DF779 /* SceneDelegate.swift in Sources */ = {isa = PBXBuildFile; fileRef = 15B17DEC29749AF7000DF779 /* SceneDelegate.swift */; };
		15B17DEF29749AF7000DF779 /* MainTabBarViewController.swift in Sources */ = {isa = PBXBuildFile; fileRef = 15B17DEE29749AF7000DF779 /* MainTabBarViewController.swift */; };
		15B17DF229749AF7000DF779 /* Main.storyboard in Resources */ = {isa = PBXBuildFile; fileRef = 15B17DF029749AF7000DF779 /* Main.storyboard */; };
		15B17DF429749AF9000DF779 /* Assets.xcassets in Resources */ = {isa = PBXBuildFile; fileRef = 15B17DF329749AF9000DF779 /* Assets.xcassets */; };
		15B17DF729749AF9000DF779 /* LaunchScreen.storyboard in Resources */ = {isa = PBXBuildFile; fileRef = 15B17DF529749AF9000DF779 /* LaunchScreen.storyboard */; };
		15B17E0029749D1A000DF779 /* HomeViewController.swift in Sources */ = {isa = PBXBuildFile; fileRef = 15B17DFF29749D1A000DF779 /* HomeViewController.swift */; };
		15B17E0229749D50000DF779 /* UpcomingViewController.swift in Sources */ = {isa = PBXBuildFile; fileRef = 15B17E0129749D50000DF779 /* UpcomingViewController.swift */; };
		15B17E0429749D74000DF779 /* SearchViewController.swift in Sources */ = {isa = PBXBuildFile; fileRef = 15B17E0329749D74000DF779 /* SearchViewController.swift */; };
		15B17E0629749DAE000DF779 /* DownloadsViewController.swift in Sources */ = {isa = PBXBuildFile; fileRef = 15B17E0529749DAE000DF779 /* DownloadsViewController.swift */; };
		15B17E0C2974A210000DF779 /* CollectionViewTableViewCell.swift in Sources */ = {isa = PBXBuildFile; fileRef = 15B17E0B2974A210000DF779 /* CollectionViewTableViewCell.swift */; };
		15B17E0E2974A609000DF779 /* HeroHeaderUIView.swift in Sources */ = {isa = PBXBuildFile; fileRef = 15B17E0D2974A609000DF779 /* HeroHeaderUIView.swift */; };
		15B17E102974AFA0000DF779 /* APICaller.swift in Sources */ = {isa = PBXBuildFile; fileRef = 15B17E0F2974AFA0000DF779 /* APICaller.swift */; };
		15B17E122974B205000DF779 /* Title.swift in Sources */ = {isa = PBXBuildFile; fileRef = 15B17E112974B205000DF779 /* Title.swift */; };
		15B17E152974B4DA000DF779 /* String+Extensions.swift in Sources */ = {isa = PBXBuildFile; fileRef = 15B17E142974B4DA000DF779 /* String+Extensions.swift */; };
		15B17E192974B8F6000DF779 /* TitleCollectionViewCell.swift in Sources */ = {isa = PBXBuildFile; fileRef = 15B17E182974B8F6000DF779 /* TitleCollectionViewCell.swift */; };
		15B17E1C2974B9BC000DF779 /* SDWebImage in Frameworks */ = {isa = PBXBuildFile; productRef = 15B17E1B2974B9BC000DF779 /* SDWebImage */; };
		15B17E1E2974B9BC000DF779 /* SDWebImageMapKit in Frameworks */ = {isa = PBXBuildFile; productRef = 15B17E1D2974B9BC000DF779 /* SDWebImageMapKit */; };
		15B17E202974C17F000DF779 /* TitlePreviewViewModel.swift in Sources */ = {isa = PBXBuildFile; fileRef = 15B17E1F2974C17F000DF779 /* TitlePreviewViewModel.swift */; };
		15B17E222974C1C5000DF779 /* YoutubeSearchResponse.swift in Sources */ = {isa = PBXBuildFile; fileRef = 15B17E212974C1C5000DF779 /* YoutubeSearchResponse.swift */; };
		15B17E242974C29E000DF779 /* DataPersistenceManager.swift in Sources */ = {isa = PBXBuildFile; fileRef = 15B17E232974C29E000DF779 /* DataPersistenceManager.swift */; };
		15B17E272974C44E000DF779 /* NetflixCloneModel.xcdatamodeld in Sources */ = {isa = PBXBuildFile; fileRef = 15B17E252974C44E000DF779 /* NetflixCloneModel.xcdatamodeld */; };
		15B17E292974C57B000DF779 /* TitleViewModel.swift in Sources */ = {isa = PBXBuildFile; fileRef = 15B17E282974C57B000DF779 /* TitleViewModel.swift */; };
		15B17E2B2974C6A8000DF779 /* TitlePreviewViewController.swift in Sources */ = {isa = PBXBuildFile; fileRef = 15B17E2A2974C6A8000DF779 /* TitlePreviewViewController.swift */; };
/* End PBXBuildFile section */

/* Begin PBXFileReference section */
		15B17DE729749AF7000DF779 /* NetflixClone.app */ = {isa = PBXFileReference; explicitFileType = wrapper.application; includeInIndex = 0; path = NetflixClone.app; sourceTree = BUILT_PRODUCTS_DIR; };
		15B17DEA29749AF7000DF779 /* AppDelegate.swift */ = {isa = PBXFileReference; lastKnownFileType = sourcecode.swift; path = AppDelegate.swift; sourceTree = "<group>"; };
		15B17DEC29749AF7000DF779 /* SceneDelegate.swift */ = {isa = PBXFileReference; lastKnownFileType = sourcecode.swift; path = SceneDelegate.swift; sourceTree = "<group>"; };
		15B17DEE29749AF7000DF779 /* MainTabBarViewController.swift */ = {isa = PBXFileReference; lastKnownFileType = sourcecode.swift; path = MainTabBarViewController.swift; sourceTree = "<group>"; };
		15B17DF129749AF7000DF779 /* Base */ = {isa = PBXFileReference; lastKnownFileType = file.storyboard; name = Base; path = Base.lproj/Main.storyboard; sourceTree = "<group>"; };
		15B17DF329749AF9000DF779 /* Assets.xcassets */ = {isa = PBXFileReference; lastKnownFileType = folder.assetcatalog; path = Assets.xcassets; sourceTree = "<group>"; };
		15B17DF629749AF9000DF779 /* Base */ = {isa = PBXFileReference; lastKnownFileType = file.storyboard; name = Base; path = Base.lproj/LaunchScreen.storyboard; sourceTree = "<group>"; };
		15B17DF829749AF9000DF779 /* Info.plist */ = {isa = PBXFileReference; lastKnownFileType = text.plist.xml; path = Info.plist; sourceTree = "<group>"; };
		15B17DFF29749D1A000DF779 /* HomeViewController.swift */ = {isa = PBXFileReference; lastKnownFileType = sourcecode.swift; path = HomeViewController.swift; sourceTree = "<group>"; };
		15B17E0129749D50000DF779 /* UpcomingViewController.swift */ = {isa = PBXFileReference; lastKnownFileType = sourcecode.swift; path = UpcomingViewController.swift; sourceTree = "<group>"; };
		15B17E0329749D74000DF779 /* SearchViewController.swift */ = {isa = PBXFileReference; lastKnownFileType = sourcecode.swift; path = SearchViewController.swift; sourceTree = "<group>"; };
		15B17E0529749DAE000DF779 /* DownloadsViewController.swift */ = {isa = PBXFileReference; lastKnownFileType = sourcecode.swift; path = DownloadsViewController.swift; sourceTree = "<group>"; };
		15B17E0B2974A210000DF779 /* CollectionViewTableViewCell.swift */ = {isa = PBXFileReference; lastKnownFileType = sourcecode.swift; path = CollectionViewTableViewCell.swift; sourceTree = "<group>"; };
		15B17E0D2974A609000DF779 /* HeroHeaderUIView.swift */ = {isa = PBXFileReference; lastKnownFileType = sourcecode.swift; path = HeroHeaderUIView.swift; sourceTree = "<group>"; };
		15B17E0F2974AFA0000DF779 /* APICaller.swift */ = {isa = PBXFileReference; lastKnownFileType = sourcecode.swift; path = APICaller.swift; sourceTree = "<group>"; };
		15B17E112974B205000DF779 /* Title.swift */ = {isa = PBXFileReference; lastKnownFileType = sourcecode.swift; path = Title.swift; sourceTree = "<group>"; };
		15B17E142974B4DA000DF779 /* String+Extensions.swift */ = {isa = PBXFileReference; lastKnownFileType = sourcecode.swift; path = "String+Extensions.swift"; sourceTree = "<group>"; };
		15B17E182974B8F6000DF779 /* TitleCollectionViewCell.swift */ = {isa = PBXFileReference; lastKnownFileType = sourcecode.swift; path = TitleCollectionViewCell.swift; sourceTree = "<group>"; };
		15B17E1F2974C17F000DF779 /* TitlePreviewViewModel.swift */ = {isa = PBXFileReference; lastKnownFileType = sourcecode.swift; path = TitlePreviewViewModel.swift; sourceTree = "<group>"; };
		15B17E212974C1C5000DF779 /* YoutubeSearchResponse.swift */ = {isa = PBXFileReference; lastKnownFileType = sourcecode.swift; path = YoutubeSearchResponse.swift; sourceTree = "<group>"; };
		15B17E232974C29E000DF779 /* DataPersistenceManager.swift */ = {isa = PBXFileReference; lastKnownFileType = sourcecode.swift; path = DataPersistenceManager.swift; sourceTree = "<group>"; };
		15B17E262974C44E000DF779 /* NetflixCloneModel.xcdatamodel */ = {isa = PBXFileReference; lastKnownFileType = wrapper.xcdatamodel; path = NetflixCloneModel.xcdatamodel; sourceTree = "<group>"; };
		15B17E282974C57B000DF779 /* TitleViewModel.swift */ = {isa = PBXFileReference; lastKnownFileType = sourcecode.swift; path = TitleViewModel.swift; sourceTree = "<group>"; };
		15B17E2A2974C6A8000DF779 /* TitlePreviewViewController.swift */ = {isa = PBXFileReference; lastKnownFileType = sourcecode.swift; path = TitlePreviewViewController.swift; sourceTree = "<group>"; };
/* End PBXFileReference section */

/* Begin PBXFrameworksBuildPhase section */
		15B17DE429749AF7000DF779 /* Frameworks */ = {
			isa = PBXFrameworksBuildPhase;
			buildActionMask = 2147483647;
			files = (
				15B17E1E2974B9BC000DF779 /* SDWebImageMapKit in Frameworks */,
				15B17E1C2974B9BC000DF779 /* SDWebImage in Frameworks */,
			);
			runOnlyForDeploymentPostprocessing = 0;
		};
/* End PBXFrameworksBuildPhase section */

/* Begin PBXGroup section */
		15B17DDE29749AF7000DF779 = {
			isa = PBXGroup;
			children = (
				15B17DE929749AF7000DF779 /* NetflixClone */,
				15B17DE829749AF7000DF779 /* Products */,
			);
			sourceTree = "<group>";
		};
		15B17DE829749AF7000DF779 /* Products */ = {
			isa = PBXGroup;
			children = (
				15B17DE729749AF7000DF779 /* NetflixClone.app */,
			);
			name = Products;
			sourceTree = "<group>";
		};
		15B17DE929749AF7000DF779 /* NetflixClone */ = {
			isa = PBXGroup;
			children = (
				15B17E0A2974A1D9000DF779 /* Managers */,
				15B17E132974B4C1000DF779 /* Resources */,
				15B17E092974A1AB000DF779 /* Models */,
				15B17E072974A195000DF779 /* Views */,
				15B17E082974A19D000DF779 /* ViewModels */,
				15B17DFE29749D02000DF779 /* Controllers */,
				15B17DEC29749AF7000DF779 /* SceneDelegate.swift */,
				15B17DEE29749AF7000DF779 /* MainTabBarViewController.swift */,
				15B17DF029749AF7000DF779 /* Main.storyboard */,
				15B17DF329749AF9000DF779 /* Assets.xcassets */,
				15B17DF529749AF9000DF779 /* LaunchScreen.storyboard */,
				15B17DF829749AF9000DF779 /* Info.plist */,
				15B17E252974C44E000DF779 /* NetflixCloneModel.xcdatamodeld */,
			);
			path = NetflixClone;
			sourceTree = "<group>";
		};
		15B17DFE29749D02000DF779 /* Controllers */ = {
			isa = PBXGroup;
			children = (
				15B17DFF29749D1A000DF779 /* HomeViewController.swift */,
				15B17E0129749D50000DF779 /* UpcomingViewController.swift */,
				15B17E0329749D74000DF779 /* SearchViewController.swift */,
				15B17E0529749DAE000DF779 /* DownloadsViewController.swift */,
				15B17E2A2974C6A8000DF779 /* TitlePreviewViewController.swift */,
			);
			path = Controllers;
			sourceTree = "<group>";
		};
		15B17E072974A195000DF779 /* Views */ = {
			isa = PBXGroup;
			children = (
				15B17E0B2974A210000DF779 /* CollectionViewTableViewCell.swift */,
				15B17E0D2974A609000DF779 /* HeroHeaderUIView.swift */,
				15B17E182974B8F6000DF779 /* TitleCollectionViewCell.swift */,
			);
			path = Views;
			sourceTree = "<group>";
		};
		15B17E082974A19D000DF779 /* ViewModels */ = {
			isa = PBXGroup;
			children = (
				15B17E1F2974C17F000DF779 /* TitlePreviewViewModel.swift */,
				15B17E282974C57B000DF779 /* TitleViewModel.swift */,
			);
			path = ViewModels;
			sourceTree = "<group>";
		};
		15B17E092974A1AB000DF779 /* Models */ = {
			isa = PBXGroup;
			children = (
				15B17E112974B205000DF779 /* Title.swift */,
				15B17E212974C1C5000DF779 /* YoutubeSearchResponse.swift */,
			);
			path = Models;
			sourceTree = "<group>";
		};
		15B17E0A2974A1D9000DF779 /* Managers */ = {
			isa = PBXGroup;
			children = (
				15B17E0F2974AFA0000DF779 /* APICaller.swift */,
				15B17E232974C29E000DF779 /* DataPersistenceManager.swift */,
			);
			path = Managers;
			sourceTree = "<group>";
		};
		15B17E132974B4C1000DF779 /* Resources */ = {
			isa = PBXGroup;
			children = (
				15B17E142974B4DA000DF779 /* String+Extensions.swift */,
				15B17DEA29749AF7000DF779 /* AppDelegate.swift */,
			);
			path = Resources;
			sourceTree = "<group>";
		};
/* End PBXGroup section */

/* Begin PBXNativeTarget section */
		15B17DE629749AF7000DF779 /* NetflixClone */ = {
			isa = PBXNativeTarget;
			buildConfigurationList = 15B17DFB29749AF9000DF779 /* Build configuration list for PBXNativeTarget "NetflixClone" */;
			buildPhases = (
				15B17DE329749AF7000DF779 /* Sources */,
				15B17DE429749AF7000DF779 /* Frameworks */,
				15B17DE529749AF7000DF779 /* Resources */,
			);
			buildRules = (
			);
			dependencies = (
			);
			name = NetflixClone;
			packageProductDependencies = (
				15B17E1B2974B9BC000DF779 /* SDWebImage */,
				15B17E1D2974B9BC000DF779 /* SDWebImageMapKit */,
			);
			productName = NetflixClone;
			productReference = 15B17DE729749AF7000DF779 /* NetflixClone.app */;
			productType = "com.apple.product-type.application";
		};
/* End PBXNativeTarget section */

/* Begin PBXProject section */
		15B17DDF29749AF7000DF779 /* Project object */ = {
			isa = PBXProject;
			attributes = {
				BuildIndependentTargetsInParallel = 1;
				LastSwiftUpdateCheck = 1420;
				LastUpgradeCheck = 1420;
				TargetAttributes = {
					15B17DE629749AF7000DF779 = {
						CreatedOnToolsVersion = 14.2;
					};
				};
			};
			buildConfigurationList = 15B17DE229749AF7000DF779 /* Build configuration list for PBXProject "NetflixClone" */;
			compatibilityVersion = "Xcode 14.0";
			developmentRegion = en;
			hasScannedForEncodings = 0;
			knownRegions = (
				en,
				Base,
			);
			mainGroup = 15B17DDE29749AF7000DF779;
			packageReferences = (
				15B17E1A2974B9BC000DF779 /* XCRemoteSwiftPackageReference "SDWebImage" */,
			);
			productRefGroup = 15B17DE829749AF7000DF779 /* Products */;
			projectDirPath = "";
			projectRoot = "";
			targets = (
				15B17DE629749AF7000DF779 /* NetflixClone */,
			);
		};
/* End PBXProject section */

/* Begin PBXResourcesBuildPhase section */
		15B17DE529749AF7000DF779 /* Resources */ = {
			isa = PBXResourcesBuildPhase;
			buildActionMask = 2147483647;
			files = (
				15B17DF729749AF9000DF779 /* LaunchScreen.storyboard in Resources */,
				15B17DF429749AF9000DF779 /* Assets.xcassets in Resources */,
				15B17DF229749AF7000DF779 /* Main.storyboard in Resources */,
			);
			runOnlyForDeploymentPostprocessing = 0;
		};
/* End PBXResourcesBuildPhase section */

/* Begin PBXSourcesBuildPhase section */
		15B17DE329749AF7000DF779 /* Sources */ = {
			isa = PBXSourcesBuildPhase;
			buildActionMask = 2147483647;
			files = (
				15B17E202974C17F000DF779 /* TitlePreviewViewModel.swift in Sources */,
				15B17E242974C29E000DF779 /* DataPersistenceManager.swift in Sources */,
				15B17E0429749D74000DF779 /* SearchViewController.swift in Sources */,
				15B17E272974C44E000DF779 /* NetflixCloneModel.xcdatamodeld in Sources */,
				15B17E192974B8F6000DF779 /* TitleCollectionViewCell.swift in Sources */,
				15B17E222974C1C5000DF779 /* YoutubeSearchResponse.swift in Sources */,
				15B17DEF29749AF7000DF779 /* MainTabBarViewController.swift in Sources */,
				15B17E0C2974A210000DF779 /* CollectionViewTableViewCell.swift in Sources */,
				15B17E102974AFA0000DF779 /* APICaller.swift in Sources */,
				15B17E2B2974C6A8000DF779 /* TitlePreviewViewController.swift in Sources */,
				15B17E152974B4DA000DF779 /* String+Extensions.swift in Sources */,
				15B17E0E2974A609000DF779 /* HeroHeaderUIView.swift in Sources */,
				15B17E0629749DAE000DF779 /* DownloadsViewController.swift in Sources */,
				15B17DEB29749AF7000DF779 /* AppDelegate.swift in Sources */,
				15B17DED29749AF7000DF779 /* SceneDelegate.swift in Sources */,
				15B17E0229749D50000DF779 /* UpcomingViewController.swift in Sources */,
				15B17E122974B205000DF779 /* Title.swift in Sources */,
				15B17E0029749D1A000DF779 /* HomeViewController.swift in Sources */,
				15B17E292974C57B000DF779 /* TitleViewModel.swift in Sources */,
			);
			runOnlyForDeploymentPostprocessing = 0;
		};
/* End PBXSourcesBuildPhase section */

/* Begin PBXVariantGroup section */
		15B17DF029749AF7000DF779 /* Main.storyboard */ = {
			isa = PBXVariantGroup;
			children = (
				15B17DF129749AF7000DF779 /* Base */,
			);
			name = Main.storyboard;
			sourceTree = "<group>";
		};
		15B17DF529749AF9000DF779 /* LaunchScreen.storyboard */ = {
			isa = PBXVariantGroup;
			children = (
				15B17DF629749AF9000DF779 /* Base */,
			);
			name = LaunchScreen.storyboard;
			sourceTree = "<group>";
		};
/* End PBXVariantGroup section */

/* Begin XCBuildConfiguration section */
		15B17DF929749AF9000DF779 /* Debug */ = {
			isa = XCBuildConfiguration;
			buildSettings = {
				ALWAYS_SEARCH_USER_PATHS = NO;
				CLANG_ANALYZER_NONNULL = YES;
				CLANG_ANALYZER_NUMBER_OBJECT_CONVERSION = YES_AGGRESSIVE;
				CLANG_CXX_LANGUAGE_STANDARD = "gnu++20";
				CLANG_ENABLE_MODULES = YES;
				CLANG_ENABLE_OBJC_ARC = YES;
				CLANG_ENABLE_OBJC_WEAK = YES;
				CLANG_WARN_BLOCK_CAPTURE_AUTORELEASING = YES;
				CLANG_WARN_BOOL_CONVERSION = YES;
				CLANG_WARN_COMMA = YES;
				CLANG_WARN_CONSTANT_CONVERSION = YES;
				CLANG_WARN_DEPRECATED_OBJC_IMPLEMENTATIONS = YES;
				CLANG_WARN_DIRECT_OBJC_ISA_USAGE = YES_ERROR;
				CLANG_WARN_DOCUMENTATION_COMMENTS = YES;
				CLANG_WARN_EMPTY_BODY = YES;
				CLANG_WARN_ENUM_CONVERSION = YES;
				CLANG_WARN_INFINITE_RECURSION = YES;
				CLANG_WARN_INT_CONVERSION = YES;
				CLANG_WARN_NON_LITERAL_NULL_CONVERSION = YES;
				CLANG_WARN_OBJC_IMPLICIT_RETAIN_SELF = YES;
				CLANG_WARN_OBJC_LITERAL_CONVERSION = YES;
				CLANG_WARN_OBJC_ROOT_CLASS = YES_ERROR;
				CLANG_WARN_QUOTED_INCLUDE_IN_FRAMEWORK_HEADER = YES;
				CLANG_WARN_RANGE_LOOP_ANALYSIS = YES;
				CLANG_WARN_STRICT_PROTOTYPES = YES;
				CLANG_WARN_SUSPICIOUS_MOVE = YES;
				CLANG_WARN_UNGUARDED_AVAILABILITY = YES_AGGRESSIVE;
				CLANG_WARN_UNREACHABLE_CODE = YES;
				CLANG_WARN__DUPLICATE_METHOD_MATCH = YES;
				COPY_PHASE_STRIP = NO;
				DEBUG_INFORMATION_FORMAT = dwarf;
				ENABLE_STRICT_OBJC_MSGSEND = YES;
				ENABLE_TESTABILITY = YES;
				GCC_C_LANGUAGE_STANDARD = gnu11;
				GCC_DYNAMIC_NO_PIC = NO;
				GCC_NO_COMMON_BLOCKS = YES;
				GCC_OPTIMIZATION_LEVEL = 0;
				GCC_PREPROCESSOR_DEFINITIONS = (
					"DEBUG=1",
					"$(inherited)",
				);
				GCC_WARN_64_TO_32_BIT_CONVERSION = YES;
				GCC_WARN_ABOUT_RETURN_TYPE = YES_ERROR;
				GCC_WARN_UNDECLARED_SELECTOR = YES;
				GCC_WARN_UNINITIALIZED_AUTOS = YES_AGGRESSIVE;
				GCC_WARN_UNUSED_FUNCTION = YES;
				GCC_WARN_UNUSED_VARIABLE = YES;
				IPHONEOS_DEPLOYMENT_TARGET = 16.2;
				MTL_ENABLE_DEBUG_INFO = INCLUDE_SOURCE;
				MTL_FAST_MATH = YES;
				ONLY_ACTIVE_ARCH = YES;
				SDKROOT = iphoneos;
				SWIFT_ACTIVE_COMPILATION_CONDITIONS = DEBUG;
				SWIFT_OPTIMIZATION_LEVEL = "-Onone";
			};
			name = Debug;
		};
		15B17DFA29749AF9000DF779 /* Release */ = {
			isa = XCBuildConfiguration;
			buildSettings = {
				ALWAYS_SEARCH_USER_PATHS = NO;
				CLANG_ANALYZER_NONNULL = YES;
				CLANG_ANALYZER_NUMBER_OBJECT_CONVERSION = YES_AGGRESSIVE;
				CLANG_CXX_LANGUAGE_STANDARD = "gnu++20";
				CLANG_ENABLE_MODULES = YES;
				CLANG_ENABLE_OBJC_ARC = YES;
				CLANG_ENABLE_OBJC_WEAK = YES;
				CLANG_WARN_BLOCK_CAPTURE_AUTORELEASING = YES;
				CLANG_WARN_BOOL_CONVERSION = YES;
				CLANG_WARN_COMMA = YES;
				CLANG_WARN_CONSTANT_CONVERSION = YES;
				CLANG_WARN_DEPRECATED_OBJC_IMPLEMENTATIONS = YES;
				CLANG_WARN_DIRECT_OBJC_ISA_USAGE = YES_ERROR;
				CLANG_WARN_DOCUMENTATION_COMMENTS = YES;
				CLANG_WARN_EMPTY_BODY = YES;
				CLANG_WARN_ENUM_CONVERSION = YES;
				CLANG_WARN_INFINITE_RECURSION = YES;
				CLANG_WARN_INT_CONVERSION = YES;
				CLANG_WARN_NON_LITERAL_NULL_CONVERSION = YES;
				CLANG_WARN_OBJC_IMPLICIT_RETAIN_SELF = YES;
				CLANG_WARN_OBJC_LITERAL_CONVERSION = YES;
				CLANG_WARN_OBJC_ROOT_CLASS = YES_ERROR;
				CLANG_WARN_QUOTED_INCLUDE_IN_FRAMEWORK_HEADER = YES;
				CLANG_WARN_RANGE_LOOP_ANALYSIS = YES;
				CLANG_WARN_STRICT_PROTOTYPES = YES;
				CLANG_WARN_SUSPICIOUS_MOVE = YES;
				CLANG_WARN_UNGUARDED_AVAILABILITY = YES_AGGRESSIVE;
				CLANG_WARN_UNREACHABLE_CODE = YES;
				CLANG_WARN__DUPLICATE_METHOD_MATCH = YES;
				COPY_PHASE_STRIP = NO;
				DEBUG_INFORMATION_FORMAT = "dwarf-with-dsym";
				ENABLE_NS_ASSERTIONS = NO;
				ENABLE_STRICT_OBJC_MSGSEND = YES;
				GCC_C_LANGUAGE_STANDARD = gnu11;
				GCC_NO_COMMON_BLOCKS = YES;
				GCC_WARN_64_TO_32_BIT_CONVERSION = YES;
				GCC_WARN_ABOUT_RETURN_TYPE = YES_ERROR;
				GCC_WARN_UNDECLARED_SELECTOR = YES;
				GCC_WARN_UNINITIALIZED_AUTOS = YES_AGGRESSIVE;
				GCC_WARN_UNUSED_FUNCTION = YES;
				GCC_WARN_UNUSED_VARIABLE = YES;
				IPHONEOS_DEPLOYMENT_TARGET = 16.2;
				MTL_ENABLE_DEBUG_INFO = NO;
				MTL_FAST_MATH = YES;
				SDKROOT = iphoneos;
				SWIFT_COMPILATION_MODE = wholemodule;
				SWIFT_OPTIMIZATION_LEVEL = "-O";
				VALIDATE_PRODUCT = YES;
			};
			name = Release;
		};
		15B17DFC29749AF9000DF779 /* Debug */ = {
			isa = XCBuildConfiguration;
			buildSettings = {
				ASSETCATALOG_COMPILER_APPICON_NAME = AppIcon;
				ASSETCATALOG_COMPILER_GLOBAL_ACCENT_COLOR_NAME = AccentColor;
				CODE_SIGN_STYLE = Automatic;
				CURRENT_PROJECT_VERSION = 1;
				DEVELOPMENT_TEAM = 8A2RUD95US;
				GENERATE_INFOPLIST_FILE = YES;
				INFOPLIST_FILE = NetflixClone/Info.plist;
				INFOPLIST_KEY_UIApplicationSupportsIndirectInputEvents = YES;
				INFOPLIST_KEY_UILaunchStoryboardName = LaunchScreen;
				INFOPLIST_KEY_UISupportedInterfaceOrientations_iPad = "UIInterfaceOrientationPortrait UIInterfaceOrientationPortraitUpsideDown UIInterfaceOrientationLandscapeLeft UIInterfaceOrientationLandscapeRight";
				INFOPLIST_KEY_UISupportedInterfaceOrientations_iPhone = "UIInterfaceOrientationPortrait UIInterfaceOrientationLandscapeLeft UIInterfaceOrientationLandscapeRight";
				LD_RUNPATH_SEARCH_PATHS = (
					"$(inherited)",
					"@executable_path/Frameworks",
				);
				MARKETING_VERSION = 1.0;
				PRODUCT_BUNDLE_IDENTIFIER = com.dony.NetflixClone;
				PRODUCT_NAME = "$(TARGET_NAME)";
				SWIFT_EMIT_LOC_STRINGS = YES;
				SWIFT_VERSION = 5.0;
				TARGETED_DEVICE_FAMILY = "1,2";
			};
			name = Debug;
		};
		15B17DFD29749AF9000DF779 /* Release */ = {
			isa = XCBuildConfiguration;
			buildSettings = {
				ASSETCATALOG_COMPILER_APPICON_NAME = AppIcon;
				ASSETCATALOG_COMPILER_GLOBAL_ACCENT_COLOR_NAME = AccentColor;
				CODE_SIGN_STYLE = Automatic;
				CURRENT_PROJECT_VERSION = 1;
				DEVELOPMENT_TEAM = 8A2RUD95US;
				GENERATE_INFOPLIST_FILE = YES;
				INFOPLIST_FILE = NetflixClone/Info.plist;
				INFOPLIST_KEY_UIApplicationSupportsIndirectInputEvents = YES;
				INFOPLIST_KEY_UILaunchStoryboardName = LaunchScreen;
				INFOPLIST_KEY_UISupportedInterfaceOrientations_iPad = "UIInterfaceOrientationPortrait UIInterfaceOrientationPortraitUpsideDown UIInterfaceOrientationLandscapeLeft UIInterfaceOrientationLandscapeRight";
				INFOPLIST_KEY_UISupportedInterfaceOrientations_iPhone = "UIInterfaceOrientationPortrait UIInterfaceOrientationLandscapeLeft UIInterfaceOrientationLandscapeRight";
				LD_RUNPATH_SEARCH_PATHS = (
					"$(inherited)",
					"@executable_path/Frameworks",
				);
				MARKETING_VERSION = 1.0;
				PRODUCT_BUNDLE_IDENTIFIER = com.dony.NetflixClone;
				PRODUCT_NAME = "$(TARGET_NAME)";
				SWIFT_EMIT_LOC_STRINGS = YES;
				SWIFT_VERSION = 5.0;
				TARGETED_DEVICE_FAMILY = "1,2";
			};
			name = Release;
		};
/* End XCBuildConfiguration section */

/* Begin XCConfigurationList section */
		15B17DE229749AF7000DF779 /* Build configuration list for PBXProject "NetflixClone" */ = {
			isa = XCConfigurationList;
			buildConfigurations = (
				15B17DF929749AF9000DF779 /* Debug */,
				15B17DFA29749AF9000DF779 /* Release */,
			);
			defaultConfigurationIsVisible = 0;
			defaultConfigurationName = Release;
		};
		15B17DFB29749AF9000DF779 /* Build configuration list for PBXNativeTarget "NetflixClone" */ = {
			isa = XCConfigurationList;
			buildConfigurations = (
				15B17DFC29749AF9000DF779 /* Debug */,
				15B17DFD29749AF9000DF779 /* Release */,
			);
			defaultConfigurationIsVisible = 0;
			defaultConfigurationName = Release;
		};
/* End XCConfigurationList section */

/* Begin XCRemoteSwiftPackageReference section */
		15B17E1A2974B9BC000DF779 /* XCRemoteSwiftPackageReference "SDWebImage" */ = {
			isa = XCRemoteSwiftPackageReference;
			repositoryURL = "https://github.com/SDWebImage/SDWebImage.git";
			requirement = {
				kind = upToNextMajorVersion;
				minimumVersion = 5.0.0;
			};
		};
/* End XCRemoteSwiftPackageReference section */

/* Begin XCSwiftPackageProductDependency section */
		15B17E1B2974B9BC000DF779 /* SDWebImage */ = {
			isa = XCSwiftPackageProductDependency;
			package = 15B17E1A2974B9BC000DF779 /* XCRemoteSwiftPackageReference "SDWebImage" */;
			productName = SDWebImage;
		};
		15B17E1D2974B9BC000DF779 /* SDWebImageMapKit */ = {
			isa = XCSwiftPackageProductDependency;
			package = 15B17E1A2974B9BC000DF779 /* XCRemoteSwiftPackageReference "SDWebImage" */;
			productName = SDWebImageMapKit;
		};
/* End XCSwiftPackageProductDependency section */

/* Begin XCVersionGroup section */
		15B17E252974C44E000DF779 /* NetflixCloneModel.xcdatamodeld */ = {
			isa = XCVersionGroup;
			children = (
				15B17E262974C44E000DF779 /* NetflixCloneModel.xcdatamodel */,
			);
			currentVersion = 15B17E262974C44E000DF779 /* NetflixCloneModel.xcdatamodel */;
			path = NetflixCloneModel.xcdatamodeld;
			sourceTree = "<group>";
			versionGroupType = wrapper.xcdatamodel;
		};
/* End XCVersionGroup section */
	};
	rootObject = 15B17DDF29749AF7000DF779 /* Project object */;
}
